Microsoft Visual Studio Solution File, Format Version 12.00
# Visual Studio 15
VisualStudioVersion = 15.0.27130.2036
MinimumVisualStudioVersion = 15.0.26124.0
Project("{2150E333-8FDC-42A3-9474-1A3956D46DE8}") = "src", "src", "{CB7634DD-E2AF-4F14-A701-8F741F038F80}"
EndProject
Project("{9A19103F-16F7-4668-BE54-9A1E7A4F7556}") = "Ruya.Primitives", "src\Ruya.Primitives\Ruya.Primitives.csproj", "{D9C898B0-1C19-4AF3-AC75-E5CD02A04319}"
EndProject
Project("{9A19103F-16F7-4668-BE54-9A1E7A4F7556}") = "Ruya.AppDomain", "src\Ruya.AppDomain\Ruya.AppDomain.csproj", "{8A0AA216-B15A-44DD-B972-F327C2BB941B}"
EndProject
Project("{9A19103F-16F7-4668-BE54-9A1E7A4F7556}") = "Ruya.Extensions.Logging", "src\Ruya.Extensions.Logging\Ruya.Extensions.Logging.csproj", "{13972761-A111-48BA-939A-132E2EBF155F}"
EndProject
Project("{9A19103F-16F7-4668-BE54-9A1E7A4F7556}") = "Ruya.ConsoleHost", "src\Ruya.ConsoleHost\Ruya.ConsoleHost.csproj", "{AC5D724F-41DF-485E-B1BB-BCA1313C61FC}"
EndProject
Project("{9A19103F-16F7-4668-BE54-9A1E7A4F7556}") = "Ruya.Helpers.Primitives", "src\Ruya.Helpers.Primitives\Ruya.Helpers.Primitives.csproj", "{974AD836-DBB9-4538-9E29-4FF5029F2FD7}"
EndProject
Project("{2150E333-8FDC-42A3-9474-1A3956D46DE8}") = "EventBus", "EventBus", "{4B5C33C6-3201-4FC7-910B-F827396058A9}"
EndProject
Project("{9A19103F-16F7-4668-BE54-9A1E7A4F7556}") = "Ruya.EventBus", "src\Ruya.EventBus\Ruya.EventBus.csproj", "{E02F01D2-3711-4427-B9C6-079FD04D1739}"
EndProject
Project("{9A19103F-16F7-4668-BE54-9A1E7A4F7556}") = "Ruya.EventBus.RabbitMQ", "src\Ruya.EventBus.RabbitMQ\Ruya.EventBus.RabbitMQ.csproj", "{DDF132D0-A584-43CF-9AB7-C7AD02F227D0}"
EndProject
Project("{2150E333-8FDC-42A3-9474-1A3956D46DE8}") = "test", "test", "{D9FF0C38-FDA7-45D8-9E9D-BF7800FA6739}"
EndProject
Project("{9A19103F-16F7-4668-BE54-9A1E7A4F7556}") = "Ruya.EventBus.Tests", "test\Ruya.EventBus.Tests\Ruya.EventBus.Tests.csproj", "{B89F8AE1-FBAA-49CE-BA98-240362CC3F06}"
EndProject
Global
	GlobalSection(SolutionConfigurationPlatforms) = preSolution
		Debug|Any CPU = Debug|Any CPU
		Debug|x64 = Debug|x64
		Debug|x86 = Debug|x86
		Release|Any CPU = Release|Any CPU
		Release|x64 = Release|x64
		Release|x86 = Release|x86
	EndGlobalSection
	GlobalSection(ProjectConfigurationPlatforms) = postSolution
		{D9C898B0-1C19-4AF3-AC75-E5CD02A04319}.Debug|Any CPU.ActiveCfg = Debug|Any CPU
		{D9C898B0-1C19-4AF3-AC75-E5CD02A04319}.Debug|Any CPU.Build.0 = Debug|Any CPU
		{D9C898B0-1C19-4AF3-AC75-E5CD02A04319}.Debug|x64.ActiveCfg = Debug|Any CPU
		{D9C898B0-1C19-4AF3-AC75-E5CD02A04319}.Debug|x64.Build.0 = Debug|Any CPU
		{D9C898B0-1C19-4AF3-AC75-E5CD02A04319}.Debug|x86.ActiveCfg = Debug|Any CPU
		{D9C898B0-1C19-4AF3-AC75-E5CD02A04319}.Debug|x86.Build.0 = Debug|Any CPU
		{D9C898B0-1C19-4AF3-AC75-E5CD02A04319}.Release|Any CPU.ActiveCfg = Release|Any CPU
		{D9C898B0-1C19-4AF3-AC75-E5CD02A04319}.Release|Any CPU.Build.0 = Release|Any CPU
		{D9C898B0-1C19-4AF3-AC75-E5CD02A04319}.Release|x64.ActiveCfg = Release|Any CPU
		{D9C898B0-1C19-4AF3-AC75-E5CD02A04319}.Release|x64.Build.0 = Release|Any CPU
		{D9C898B0-1C19-4AF3-AC75-E5CD02A04319}.Release|x86.ActiveCfg = Release|Any CPU
		{D9C898B0-1C19-4AF3-AC75-E5CD02A04319}.Release|x86.Build.0 = Release|Any CPU
		{8A0AA216-B15A-44DD-B972-F327C2BB941B}.Debug|Any CPU.ActiveCfg = Debug|Any CPU
		{8A0AA216-B15A-44DD-B972-F327C2BB941B}.Debug|Any CPU.Build.0 = Debug|Any CPU
		{8A0AA216-B15A-44DD-B972-F327C2BB941B}.Debug|x64.ActiveCfg = Debug|Any CPU
		{8A0AA216-B15A-44DD-B972-F327C2BB941B}.Debug|x64.Build.0 = Debug|Any CPU
		{8A0AA216-B15A-44DD-B972-F327C2BB941B}.Debug|x86.ActiveCfg = Debug|Any CPU
		{8A0AA216-B15A-44DD-B972-F327C2BB941B}.Debug|x86.Build.0 = Debug|Any CPU
		{8A0AA216-B15A-44DD-B972-F327C2BB941B}.Release|Any CPU.ActiveCfg = Release|Any CPU
		{8A0AA216-B15A-44DD-B972-F327C2BB941B}.Release|Any CPU.Build.0 = Release|Any CPU
		{8A0AA216-B15A-44DD-B972-F327C2BB941B}.Release|x64.ActiveCfg = Release|Any CPU
		{8A0AA216-B15A-44DD-B972-F327C2BB941B}.Release|x64.Build.0 = Release|Any CPU
		{8A0AA216-B15A-44DD-B972-F327C2BB941B}.Release|x86.ActiveCfg = Release|Any CPU
		{8A0AA216-B15A-44DD-B972-F327C2BB941B}.Release|x86.Build.0 = Release|Any CPU
		{13972761-A111-48BA-939A-132E2EBF155F}.Debug|Any CPU.ActiveCfg = Debug|Any CPU
		{13972761-A111-48BA-939A-132E2EBF155F}.Debug|Any CPU.Build.0 = Debug|Any CPU
		{13972761-A111-48BA-939A-132E2EBF155F}.Debug|x64.ActiveCfg = Debug|Any CPU
		{13972761-A111-48BA-939A-132E2EBF155F}.Debug|x64.Build.0 = Debug|Any CPU
		{13972761-A111-48BA-939A-132E2EBF155F}.Debug|x86.ActiveCfg = Debug|Any CPU
		{13972761-A111-48BA-939A-132E2EBF155F}.Debug|x86.Build.0 = Debug|Any CPU
		{13972761-A111-48BA-939A-132E2EBF155F}.Release|Any CPU.ActiveCfg = Release|Any CPU
		{13972761-A111-48BA-939A-132E2EBF155F}.Release|Any CPU.Build.0 = Release|Any CPU
		{13972761-A111-48BA-939A-132E2EBF155F}.Release|x64.ActiveCfg = Release|Any CPU
		{13972761-A111-48BA-939A-132E2EBF155F}.Release|x64.Build.0 = Release|Any CPU
		{13972761-A111-48BA-939A-132E2EBF155F}.Release|x86.ActiveCfg = Release|Any CPU
		{13972761-A111-48BA-939A-132E2EBF155F}.Release|x86.Build.0 = Release|Any CPU
		{AC5D724F-41DF-485E-B1BB-BCA1313C61FC}.Debug|Any CPU.ActiveCfg = Debug|Any CPU
		{AC5D724F-41DF-485E-B1BB-BCA1313C61FC}.Debug|Any CPU.Build.0 = Debug|Any CPU
		{AC5D724F-41DF-485E-B1BB-BCA1313C61FC}.Debug|x64.ActiveCfg = Debug|Any CPU
		{AC5D724F-41DF-485E-B1BB-BCA1313C61FC}.Debug|x64.Build.0 = Debug|Any CPU
		{AC5D724F-41DF-485E-B1BB-BCA1313C61FC}.Debug|x86.ActiveCfg = Debug|Any CPU
		{AC5D724F-41DF-485E-B1BB-BCA1313C61FC}.Debug|x86.Build.0 = Debug|Any CPU
		{AC5D724F-41DF-485E-B1BB-BCA1313C61FC}.Release|Any CPU.ActiveCfg = Release|Any CPU
		{AC5D724F-41DF-485E-B1BB-BCA1313C61FC}.Release|Any CPU.Build.0 = Release|Any CPU
		{AC5D724F-41DF-485E-B1BB-BCA1313C61FC}.Release|x64.ActiveCfg = Release|Any CPU
		{AC5D724F-41DF-485E-B1BB-BCA1313C61FC}.Release|x64.Build.0 = Release|Any CPU
		{AC5D724F-41DF-485E-B1BB-BCA1313C61FC}.Release|x86.ActiveCfg = Release|Any CPU
		{AC5D724F-41DF-485E-B1BB-BCA1313C61FC}.Release|x86.Build.0 = Release|Any CPU
		{974AD836-DBB9-4538-9E29-4FF5029F2FD7}.Debug|Any CPU.ActiveCfg = Debug|Any CPU
		{974AD836-DBB9-4538-9E29-4FF5029F2FD7}.Debug|Any CPU.Build.0 = Debug|Any CPU
		{974AD836-DBB9-4538-9E29-4FF5029F2FD7}.Debug|x64.ActiveCfg = Debug|Any CPU
		{974AD836-DBB9-4538-9E29-4FF5029F2FD7}.Debug|x64.Build.0 = Debug|Any CPU
		{974AD836-DBB9-4538-9E29-4FF5029F2FD7}.Debug|x86.ActiveCfg = Debug|Any CPU
		{974AD836-DBB9-4538-9E29-4FF5029F2FD7}.Debug|x86.Build.0 = Debug|Any CPU
		{974AD836-DBB9-4538-9E29-4FF5029F2FD7}.Release|Any CPU.ActiveCfg = Release|Any CPU
		{974AD836-DBB9-4538-9E29-4FF5029F2FD7}.Release|Any CPU.Build.0 = Release|Any CPU
		{974AD836-DBB9-4538-9E29-4FF5029F2FD7}.Release|x64.ActiveCfg = Release|Any CPU
		{974AD836-DBB9-4538-9E29-4FF5029F2FD7}.Release|x64.Build.0 = Release|Any CPU
		{974AD836-DBB9-4538-9E29-4FF5029F2FD7}.Release|x86.ActiveCfg = Release|Any CPU
		{974AD836-DBB9-4538-9E29-4FF5029F2FD7}.Release|x86.Build.0 = Release|Any CPU
		{E02F01D2-3711-4427-B9C6-079FD04D1739}.Debug|Any CPU.ActiveCfg = Debug|Any CPU
		{E02F01D2-3711-4427-B9C6-079FD04D1739}.Debug|Any CPU.Build.0 = Debug|Any CPU
		{E02F01D2-3711-4427-B9C6-079FD04D1739}.Debug|x64.ActiveCfg = Debug|Any CPU
		{E02F01D2-3711-4427-B9C6-079FD04D1739}.Debug|x64.Build.0 = Debug|Any CPU
		{E02F01D2-3711-4427-B9C6-079FD04D1739}.Debug|x86.ActiveCfg = Debug|Any CPU
		{E02F01D2-3711-4427-B9C6-079FD04D1739}.Debug|x86.Build.0 = Debug|Any CPU
		{E02F01D2-3711-4427-B9C6-079FD04D1739}.Release|Any CPU.ActiveCfg = Release|Any CPU
		{E02F01D2-3711-4427-B9C6-079FD04D1739}.Release|Any CPU.Build.0 = Release|Any CPU
		{E02F01D2-3711-4427-B9C6-079FD04D1739}.Release|x64.ActiveCfg = Release|Any CPU
		{E02F01D2-3711-4427-B9C6-079FD04D1739}.Release|x64.Build.0 = Release|Any CPU
		{E02F01D2-3711-4427-B9C6-079FD04D1739}.Release|x86.ActiveCfg = Release|Any CPU
		{E02F01D2-3711-4427-B9C6-079FD04D1739}.Release|x86.Build.0 = Release|Any CPU
		{DDF132D0-A584-43CF-9AB7-C7AD02F227D0}.Debug|Any CPU.ActiveCfg = Debug|Any CPU
		{DDF132D0-A584-43CF-9AB7-C7AD02F227D0}.Debug|Any CPU.Build.0 = Debug|Any CPU
		{DDF132D0-A584-43CF-9AB7-C7AD02F227D0}.Debug|x64.ActiveCfg = Debug|Any CPU
		{DDF132D0-A584-43CF-9AB7-C7AD02F227D0}.Debug|x64.Build.0 = Debug|Any CPU
		{DDF132D0-A584-43CF-9AB7-C7AD02F227D0}.Debug|x86.ActiveCfg = Debug|Any CPU
		{DDF132D0-A584-43CF-9AB7-C7AD02F227D0}.Debug|x86.Build.0 = Debug|Any CPU
		{DDF132D0-A584-43CF-9AB7-C7AD02F227D0}.Release|Any CPU.ActiveCfg = Release|Any CPU
		{DDF132D0-A584-43CF-9AB7-C7AD02F227D0}.Release|Any CPU.Build.0 = Release|Any CPU
		{DDF132D0-A584-43CF-9AB7-C7AD02F227D0}.Release|x64.ActiveCfg = Release|Any CPU
		{DDF132D0-A584-43CF-9AB7-C7AD02F227D0}.Release|x64.Build.0 = Release|Any CPU
		{DDF132D0-A584-43CF-9AB7-C7AD02F227D0}.Release|x86.ActiveCfg = Release|Any CPU
		{DDF132D0-A584-43CF-9AB7-C7AD02F227D0}.Release|x86.Build.0 = Release|Any CPU
		{B89F8AE1-FBAA-49CE-BA98-240362CC3F06}.Debug|Any CPU.ActiveCfg = Debug|Any CPU
		{B89F8AE1-FBAA-49CE-BA98-240362CC3F06}.Debug|Any CPU.Build.0 = Debug|Any CPU
		{B89F8AE1-FBAA-49CE-BA98-240362CC3F06}.Debug|x64.ActiveCfg = Debug|Any CPU
		{B89F8AE1-FBAA-49CE-BA98-240362CC3F06}.Debug|x64.Build.0 = Debug|Any CPU
		{B89F8AE1-FBAA-49CE-BA98-240362CC3F06}.Debug|x86.ActiveCfg = Debug|Any CPU
		{B89F8AE1-FBAA-49CE-BA98-240362CC3F06}.Debug|x86.Build.0 = Debug|Any CPU
		{B89F8AE1-FBAA-49CE-BA98-240362CC3F06}.Release|Any CPU.ActiveCfg = Release|Any CPU
		{B89F8AE1-FBAA-49CE-BA98-240362CC3F06}.Release|Any CPU.Build.0 = Release|Any CPU
		{B89F8AE1-FBAA-49CE-BA98-240362CC3F06}.Release|x64.ActiveCfg = Release|Any CPU
		{B89F8AE1-FBAA-49CE-BA98-240362CC3F06}.Release|x64.Build.0 = Release|Any CPU
		{B89F8AE1-FBAA-49CE-BA98-240362CC3F06}.Release|x86.ActiveCfg = Release|Any CPU
		{B89F8AE1-FBAA-49CE-BA98-240362CC3F06}.Release|x86.Build.0 = Release|Any CPU
	EndGlobalSection
	GlobalSection(SolutionProperties) = preSolution
		HideSolutionNode = FALSE
	EndGlobalSection
	GlobalSection(NestedProjects) = preSolution
		{D9C898B0-1C19-4AF3-AC75-E5CD02A04319} = {CB7634DD-E2AF-4F14-A701-8F741F038F80}
		{8A0AA216-B15A-44DD-B972-F327C2BB941B} = {CB7634DD-E2AF-4F14-A701-8F741F038F80}
		{13972761-A111-48BA-939A-132E2EBF155F} = {CB7634DD-E2AF-4F14-A701-8F741F038F80}
		{AC5D724F-41DF-485E-B1BB-BCA1313C61FC} = {CB7634DD-E2AF-4F14-A701-8F741F038F80}
		{974AD836-DBB9-4538-9E29-4FF5029F2FD7} = {CB7634DD-E2AF-4F14-A701-8F741F038F80}
		{4B5C33C6-3201-4FC7-910B-F827396058A9} = {CB7634DD-E2AF-4F14-A701-8F741F038F80}
		{E02F01D2-3711-4427-B9C6-079FD04D1739} = {4B5C33C6-3201-4FC7-910B-F827396058A9}
		{DDF132D0-A584-43CF-9AB7-C7AD02F227D0} = {4B5C33C6-3201-4FC7-910B-F827396058A9}
		{B89F8AE1-FBAA-49CE-BA98-240362CC3F06} = {D9FF0C38-FDA7-45D8-9E9D-BF7800FA6739}
	EndGlobalSection
	GlobalSection(ExtensibilityGlobals) = postSolution
		SolutionGuid = {9042ADAC-A909-4DCD-9B73-10BEC6762666}
	EndGlobalSection
EndGlobal
