
Microsoft Visual Studio Solution File, Format Version 12.00
# Visual Studio 14
VisualStudioVersion = 14.0.24720.0
MinimumVisualStudioVersion = 10.0.40219.1
Project("{FAE04EC0-301F-11D3-BF4B-00C04F79EFBC}") = "Ruya.Composition", "Ruya.Composition\Ruya.Composition.csproj", "{53D261FF-6264-4D94-AC40-C0F5786D71CC}"
EndProject
Project("{FAE04EC0-301F-11D3-BF4B-00C04F79EFBC}") = "Ruya.Composition.Interfaces", "Ruya.Composition.Interfaces\Ruya.Composition.Interfaces.csproj", "{39ED86D9-6AF8-474F-AF2B-9946F17BDF56}"
EndProject
Global
	GlobalSection(SolutionConfigurationPlatforms) = preSolution
		Debug|Any CPU = Debug|Any CPU
		Release|Any CPU = Release|Any CPU
	EndGlobalSection
	GlobalSection(ProjectConfigurationPlatforms) = postSolution
		{39ED86D9-6AF8-474F-AF2B-9946F17BDF56}.Debug|Any CPU.ActiveCfg = Debug|Any CPU
		{39ED86D9-6AF8-474F-AF2B-9946F17BDF56}.Debug|Any CPU.Build.0 = Debug|Any CPU
		{39ED86D9-6AF8-474F-AF2B-9946F17BDF56}.Release|Any CPU.ActiveCfg = Release|Any CPU
		{39ED86D9-6AF8-474F-AF2B-9946F17BDF56}.Release|Any CPU.Build.0 = Release|Any CPU
		{53D261FF-6264-4D94-AC40-C0F5786D71CC}.Debug|Any CPU.ActiveCfg = Debug|Any CPU
		{53D261FF-6264-4D94-AC40-C0F5786D71CC}.Debug|Any CPU.Build.0 = Debug|Any CPU
		{53D261FF-6264-4D94-AC40-C0F5786D71CC}.Release|Any CPU.ActiveCfg = Release|Any CPU
		{53D261FF-6264-4D94-AC40-C0F5786D71CC}.Release|Any CPU.Build.0 = Release|Any CPU
	EndGlobalSection
	GlobalSection(SolutionProperties) = preSolution
		HideSolutionNode = FALSE
	EndGlobalSection
	GlobalSection(TeamFoundationVersionControl) = preSolution
		SccNumberOfProjects = 3
		SccEnterpriseProvider = {4CA58AB2-18FA-4F8D-95D4-32DDF27D184C}
		SccTeamFoundationServer = https://ilerler.visualstudio.com/defaultcollection
		SccLocalPath0 = .
		SccProjectUniqueName1 = Ruya.Composition\\Ruya.Composition.csproj
		SccProjectName1 = Ruya.Composition
		SccLocalPath1 = Ruya.Composition
		SccProjectUniqueName2 = Ruya.Composition.Interfaces\\Ruya.Composition.Interfaces.csproj
		SccProjectName2 = Ruya.Composition.Interfaces
		SccLocalPath2 = Ruya.Composition.Interfaces
	EndGlobalSection
EndGlobal
