
Microsoft Visual Studio Solution File, Format Version 12.00
# Visual Studio 14
VisualStudioVersion = 14.0.24720.0
MinimumVisualStudioVersion = 10.0.40219.1
Project("{FAE04EC0-301F-11D3-BF4B-00C04F79EFBC}") = "Ruya.Core", "Ruya.Core\Ruya.Core.csproj", "{9445ABD7-37C8-4DDC-8F18-C981DA7085D8}"
EndProject
Project("{FAE04EC0-301F-11D3-BF4B-00C04F79EFBC}") = "Ruya.Core.Interfaces", "Ruya.Core.Interfaces\Ruya.Core.Interfaces.csproj", "{B0A63D77-A526-4D81-983E-A38414FD1F0B}"
EndProject
Project("{FAE04EC0-301F-11D3-BF4B-00C04F79EFBC}") = "Ruya.Core.Tests", "Ruya.Core.Tests\Ruya.Core.Tests.csproj", "{216D20C9-45D1-4BAD-AE4B-5F172C3D03C5}"
EndProject
Global
	GlobalSection(SolutionConfigurationPlatforms) = preSolution
		Debug|Any CPU = Debug|Any CPU
		Release|Any CPU = Release|Any CPU
	EndGlobalSection
	GlobalSection(ProjectConfigurationPlatforms) = postSolution
		{9445ABD7-37C8-4DDC-8F18-C981DA7085D8}.Debug|Any CPU.ActiveCfg = Debug|Any CPU
		{9445ABD7-37C8-4DDC-8F18-C981DA7085D8}.Debug|Any CPU.Build.0 = Debug|Any CPU
		{9445ABD7-37C8-4DDC-8F18-C981DA7085D8}.Release|Any CPU.ActiveCfg = Release|Any CPU
		{9445ABD7-37C8-4DDC-8F18-C981DA7085D8}.Release|Any CPU.Build.0 = Release|Any CPU
		{B0A63D77-A526-4D81-983E-A38414FD1F0B}.Debug|Any CPU.ActiveCfg = Debug|Any CPU
		{B0A63D77-A526-4D81-983E-A38414FD1F0B}.Debug|Any CPU.Build.0 = Debug|Any CPU
		{B0A63D77-A526-4D81-983E-A38414FD1F0B}.Release|Any CPU.ActiveCfg = Release|Any CPU
		{B0A63D77-A526-4D81-983E-A38414FD1F0B}.Release|Any CPU.Build.0 = Release|Any CPU
		{216D20C9-45D1-4BAD-AE4B-5F172C3D03C5}.Debug|Any CPU.ActiveCfg = Debug|Any CPU
		{216D20C9-45D1-4BAD-AE4B-5F172C3D03C5}.Debug|Any CPU.Build.0 = Debug|Any CPU
		{216D20C9-45D1-4BAD-AE4B-5F172C3D03C5}.Release|Any CPU.ActiveCfg = Release|Any CPU
		{216D20C9-45D1-4BAD-AE4B-5F172C3D03C5}.Release|Any CPU.Build.0 = Release|Any CPU
	EndGlobalSection
	GlobalSection(SolutionProperties) = preSolution
		HideSolutionNode = FALSE
	EndGlobalSection
	GlobalSection(TeamFoundationVersionControl) = preSolution
		SccNumberOfProjects = 4
		SccEnterpriseProvider = {4CA58AB2-18FA-4F8D-95D4-32DDF27D184C}
		SccTeamFoundationServer = https://ilerler.visualstudio.com/defaultcollection
		SccLocalPath0 = .
		SccProjectUniqueName1 = Ruya.Core\\Ruya.Core.csproj
		SccProjectName1 = Ruya.Core
		SccLocalPath1 = Ruya.Core
		SccProjectUniqueName2 = Ruya.Core.Interfaces\\Ruya.Core.Interfaces.csproj
		SccProjectName2 = Ruya.Core.Interfaces
		SccLocalPath2 = Ruya.Core.Interfaces
		SccProjectUniqueName3 = Ruya.Core.Tests\\Ruya.Core.Tests.csproj
		SccProjectName3 = Ruya.Core.Tests
		SccLocalPath3 = Ruya.Core.Tests
	EndGlobalSection
EndGlobal
