
Microsoft Visual Studio Solution File, Format Version 12.00
# Visual Studio 14
VisualStudioVersion = 14.0.24720.0
MinimumVisualStudioVersion = 10.0.40219.1
Project("{FAE04EC0-301F-11D3-BF4B-00C04F79EFBC}") = "Ruya.Diagnostics", "Ruya.Diagnostics\Ruya.Diagnostics.csproj", "{118CCD3A-D266-406C-8A5E-F7E0F986D3E5}"
EndProject
Project("{FAE04EC0-301F-11D3-BF4B-00C04F79EFBC}") = "Ruya.Diagnostics.Tests", "Ruya.Diagnostics.Tests\Ruya.Diagnostics.Tests.csproj", "{7D6BE945-656B-4434-86AF-9520FC50D2BD}"
EndProject
Global
	GlobalSection(SolutionConfigurationPlatforms) = preSolution
		Debug|Any CPU = Debug|Any CPU
		Release|Any CPU = Release|Any CPU
	EndGlobalSection
	GlobalSection(ProjectConfigurationPlatforms) = postSolution
		{118CCD3A-D266-406C-8A5E-F7E0F986D3E5}.Debug|Any CPU.ActiveCfg = Debug|Any CPU
		{118CCD3A-D266-406C-8A5E-F7E0F986D3E5}.Debug|Any CPU.Build.0 = Debug|Any CPU
		{118CCD3A-D266-406C-8A5E-F7E0F986D3E5}.Release|Any CPU.ActiveCfg = Release|Any CPU
		{118CCD3A-D266-406C-8A5E-F7E0F986D3E5}.Release|Any CPU.Build.0 = Release|Any CPU
		{7D6BE945-656B-4434-86AF-9520FC50D2BD}.Debug|Any CPU.ActiveCfg = Debug|Any CPU
		{7D6BE945-656B-4434-86AF-9520FC50D2BD}.Debug|Any CPU.Build.0 = Debug|Any CPU
		{7D6BE945-656B-4434-86AF-9520FC50D2BD}.Release|Any CPU.ActiveCfg = Release|Any CPU
		{7D6BE945-656B-4434-86AF-9520FC50D2BD}.Release|Any CPU.Build.0 = Release|Any CPU
	EndGlobalSection
	GlobalSection(SolutionProperties) = preSolution
		HideSolutionNode = FALSE
	EndGlobalSection
	GlobalSection(TeamFoundationVersionControl) = preSolution
		SccNumberOfProjects = 3
		SccEnterpriseProvider = {4CA58AB2-18FA-4F8D-95D4-32DDF27D184C}
		SccTeamFoundationServer = https://ilerler.visualstudio.com/defaultcollection
		SccLocalPath0 = .
		SccProjectUniqueName1 = Ruya.Diagnostics\\Ruya.Diagnostics.csproj
		SccProjectName1 = Ruya.Diagnostics
		SccLocalPath1 = Ruya.Diagnostics
		SccProjectUniqueName2 = Ruya.Diagnostics.Tests\\Ruya.Diagnostics.Tests.csproj
		SccProjectName2 = Ruya.Diagnostics.Tests
		SccLocalPath2 = Ruya.Diagnostics.Tests
	EndGlobalSection
EndGlobal
